// !$*UTF8*$!
{
	archiveVersion = 1;
	classes = {
	};
	objectVersion = 56;
	objects = {

/* Begin PBXBuildFile section */
		1EE1934329AEE44C005797DB /* Practice_PuzzleApp.swift in Sources */ = {isa = PBXBuildFile; fileRef = 1EE1934229AEE44C005797DB /* Practice_PuzzleApp.swift */; };
		1EE1934529AEE44C005797DB /* ContentView.swift in Sources */ = {isa = PBXBuildFile; fileRef = 1EE1934429AEE44C005797DB /* ContentView.swift */; };
		1EE1934729AEE44F005797DB /* Assets.xcassets in Resources */ = {isa = PBXBuildFile; fileRef = 1EE1934629AEE44F005797DB /* Assets.xcassets */; };
		1EE1934A29AEE44F005797DB /* Preview Assets.xcassets in Resources */ = {isa = PBXBuildFile; fileRef = 1EE1934929AEE44F005797DB /* Preview Assets.xcassets */; };
		1EE1935429AEE450005797DB /* Practice_PuzzleTests.swift in Sources */ = {isa = PBXBuildFile; fileRef = 1EE1935329AEE450005797DB /* Practice_PuzzleTests.swift */; };
		1EE1935E29AEE450005797DB /* Practice_PuzzleUITests.swift in Sources */ = {isa = PBXBuildFile; fileRef = 1EE1935D29AEE450005797DB /* Practice_PuzzleUITests.swift */; };
		1EE1936029AEE450005797DB /* Practice_PuzzleUITestsLaunchTests.swift in Sources */ = {isa = PBXBuildFile; fileRef = 1EE1935F29AEE450005797DB /* Practice_PuzzleUITestsLaunchTests.swift */; };
		1EE1936D29AEE840005797DB /* Picture.swift in Sources */ = {isa = PBXBuildFile; fileRef = 1EE1936C29AEE840005797DB /* Picture.swift */; };
/* End PBXBuildFile section */

/* Begin PBXContainerItemProxy section */
		1EE1935029AEE450005797DB /* PBXContainerItemProxy */ = {
			isa = PBXContainerItemProxy;
			containerPortal = 1EE1933729AEE44C005797DB /* Project object */;
			proxyType = 1;
			remoteGlobalIDString = 1EE1933E29AEE44C005797DB;
			remoteInfo = "Practice Puzzle";
		};
		1EE1935A29AEE450005797DB /* PBXContainerItemProxy */ = {
			isa = PBXContainerItemProxy;
			containerPortal = 1EE1933729AEE44C005797DB /* Project object */;
			proxyType = 1;
			remoteGlobalIDString = 1EE1933E29AEE44C005797DB;
			remoteInfo = "Practice Puzzle";
		};
/* End PBXContainerItemProxy section */

/* Begin PBXFileReference section */
		1EE1933F29AEE44C005797DB /* Practice Puzzle.app */ = {isa = PBXFileReference; explicitFileType = wrapper.application; includeInIndex = 0; path = "Practice Puzzle.app"; sourceTree = BUILT_PRODUCTS_DIR; };
		1EE1934229AEE44C005797DB /* Practice_PuzzleApp.swift */ = {isa = PBXFileReference; lastKnownFileType = sourcecode.swift; path = Practice_PuzzleApp.swift; sourceTree = "<group>"; };
		1EE1934429AEE44C005797DB /* ContentView.swift */ = {isa = PBXFileReference; lastKnownFileType = sourcecode.swift; path = ContentView.swift; sourceTree = "<group>"; };
		1EE1934629AEE44F005797DB /* Assets.xcassets */ = {isa = PBXFileReference; lastKnownFileType = folder.assetcatalog; path = Assets.xcassets; sourceTree = "<group>"; };
		1EE1934929AEE44F005797DB /* Preview Assets.xcassets */ = {isa = PBXFileReference; lastKnownFileType = folder.assetcatalog; path = "Preview Assets.xcassets"; sourceTree = "<group>"; };
		1EE1934F29AEE450005797DB /* Practice PuzzleTests.xctest */ = {isa = PBXFileReference; explicitFileType = wrapper.cfbundle; includeInIndex = 0; path = "Practice PuzzleTests.xctest"; sourceTree = BUILT_PRODUCTS_DIR; };
		1EE1935329AEE450005797DB /* Practice_PuzzleTests.swift */ = {isa = PBXFileReference; lastKnownFileType = sourcecode.swift; path = Practice_PuzzleTests.swift; sourceTree = "<group>"; };
		1EE1935929AEE450005797DB /* Practice PuzzleUITests.xctest */ = {isa = PBXFileReference; explicitFileType = wrapper.cfbundle; includeInIndex = 0; path = "Practice PuzzleUITests.xctest"; sourceTree = BUILT_PRODUCTS_DIR; };
		1EE1935D29AEE450005797DB /* Practice_PuzzleUITests.swift */ = {isa = PBXFileReference; lastKnownFileType = sourcecode.swift; path = Practice_PuzzleUITests.swift; sourceTree = "<group>"; };
		1EE1935F29AEE450005797DB /* Practice_PuzzleUITestsLaunchTests.swift */ = {isa = PBXFileReference; lastKnownFileType = sourcecode.swift; path = Practice_PuzzleUITestsLaunchTests.swift; sourceTree = "<group>"; };
		1EE1936C29AEE840005797DB /* Picture.swift */ = {isa = PBXFileReference; lastKnownFileType = sourcecode.swift; path = Picture.swift; sourceTree = "<group>"; };
/* End PBXFileReference section */

/* Begin PBXFrameworksBuildPhase section */
		1EE1933C29AEE44C005797DB /* Frameworks */ = {
			isa = PBXFrameworksBuildPhase;
			buildActionMask = 2147483647;
			files = (
			);
			runOnlyForDeploymentPostprocessing = 0;
		};
		1EE1934C29AEE450005797DB /* Frameworks */ = {
			isa = PBXFrameworksBuildPhase;
			buildActionMask = 2147483647;
			files = (
			);
			runOnlyForDeploymentPostprocessing = 0;
		};
		1EE1935629AEE450005797DB /* Frameworks */ = {
			isa = PBXFrameworksBuildPhase;
			buildActionMask = 2147483647;
			files = (
			);
			runOnlyForDeploymentPostprocessing = 0;
		};
/* End PBXFrameworksBuildPhase section */

/* Begin PBXGroup section */
		1EE1933629AEE44C005797DB = {
			isa = PBXGroup;
			children = (
				1EE1934129AEE44C005797DB /* Practice Puzzle */,
				1EE1935229AEE450005797DB /* Practice PuzzleTests */,
				1EE1935C29AEE450005797DB /* Practice PuzzleUITests */,
				1EE1934029AEE44C005797DB /* Products */,
			);
			sourceTree = "<group>";
		};
		1EE1934029AEE44C005797DB /* Products */ = {
			isa = PBXGroup;
			children = (
				1EE1933F29AEE44C005797DB /* Practice Puzzle.app */,
				1EE1934F29AEE450005797DB /* Practice PuzzleTests.xctest */,
				1EE1935929AEE450005797DB /* Practice PuzzleUITests.xctest */,
			);
			name = Products;
			sourceTree = "<group>";
		};
		1EE1934129AEE44C005797DB /* Practice Puzzle */ = {
			isa = PBXGroup;
			children = (
				1EE1934229AEE44C005797DB /* Practice_PuzzleApp.swift */,
				1EE1937F29B03304005797DB /* Views */,
				1EE1934629AEE44F005797DB /* Assets.xcassets */,
				1EE1934829AEE44F005797DB /* Preview Content */,
			);
			path = "Practice Puzzle";
			sourceTree = "<group>";
		};
		1EE1934829AEE44F005797DB /* Preview Content */ = {
			isa = PBXGroup;
			children = (
				1EE1934929AEE44F005797DB /* Preview Assets.xcassets */,
			);
			path = "Preview Content";
			sourceTree = "<group>";
		};
		1EE1935229AEE450005797DB /* Practice PuzzleTests */ = {
			isa = PBXGroup;
			children = (
				1EE1935329AEE450005797DB /* Practice_PuzzleTests.swift */,
			);
			path = "Practice PuzzleTests";
			sourceTree = "<group>";
		};
		1EE1935C29AEE450005797DB /* Practice PuzzleUITests */ = {
			isa = PBXGroup;
			children = (
				1EE1935D29AEE450005797DB /* Practice_PuzzleUITests.swift */,
				1EE1935F29AEE450005797DB /* Practice_PuzzleUITestsLaunchTests.swift */,
			);
			path = "Practice PuzzleUITests";
			sourceTree = "<group>";
		};
		1EE1937F29B03304005797DB /* Views */ = {
			isa = PBXGroup;
			children = (
				1EE1934429AEE44C005797DB /* ContentView.swift */,
				1EE1936C29AEE840005797DB /* Picture.swift */,
			);
			path = Views;
			sourceTree = "<group>";
		};
/* End PBXGroup section */

/* Begin PBXNativeTarget section */
		1EE1933E29AEE44C005797DB /* Practice Puzzle */ = {
			isa = PBXNativeTarget;
			buildConfigurationList = 1EE1936329AEE450005797DB /* Build configuration list for PBXNativeTarget "Practice Puzzle" */;
			buildPhases = (
				1EE1933B29AEE44C005797DB /* Sources */,
				1EE1933C29AEE44C005797DB /* Frameworks */,
				1EE1933D29AEE44C005797DB /* Resources */,
			);
			buildRules = (
			);
			dependencies = (
			);
			name = "Practice Puzzle";
			productName = "Practice Puzzle";
			productReference = 1EE1933F29AEE44C005797DB /* Practice Puzzle.app */;
			productType = "com.apple.product-type.application";
		};
		1EE1934E29AEE450005797DB /* Practice PuzzleTests */ = {
			isa = PBXNativeTarget;
			buildConfigurationList = 1EE1936629AEE450005797DB /* Build configuration list for PBXNativeTarget "Practice PuzzleTests" */;
			buildPhases = (
				1EE1934B29AEE450005797DB /* Sources */,
				1EE1934C29AEE450005797DB /* Frameworks */,
				1EE1934D29AEE450005797DB /* Resources */,
			);
			buildRules = (
			);
			dependencies = (
				1EE1935129AEE450005797DB /* PBXTargetDependency */,
			);
			name = "Practice PuzzleTests";
			productName = "Practice PuzzleTests";
			productReference = 1EE1934F29AEE450005797DB /* Practice PuzzleTests.xctest */;
			productType = "com.apple.product-type.bundle.unit-test";
		};
		1EE1935829AEE450005797DB /* Practice PuzzleUITests */ = {
			isa = PBXNativeTarget;
			buildConfigurationList = 1EE1936929AEE450005797DB /* Build configuration list for PBXNativeTarget "Practice PuzzleUITests" */;
			buildPhases = (
				1EE1935529AEE450005797DB /* Sources */,
				1EE1935629AEE450005797DB /* Frameworks */,
				1EE1935729AEE450005797DB /* Resources */,
			);
			buildRules = (
			);
			dependencies = (
				1EE1935B29AEE450005797DB /* PBXTargetDependency */,
			);
			name = "Practice PuzzleUITests";
			productName = "Practice PuzzleUITests";
			productReference = 1EE1935929AEE450005797DB /* Practice PuzzleUITests.xctest */;
			productType = "com.apple.product-type.bundle.ui-testing";
		};
/* End PBXNativeTarget section */

/* Begin PBXProject section */
		1EE1933729AEE44C005797DB /* Project object */ = {
			isa = PBXProject;
			attributes = {
				BuildIndependentTargetsInParallel = 1;
				LastSwiftUpdateCheck = 1400;
				LastUpgradeCheck = 1400;
				TargetAttributes = {
					1EE1933E29AEE44C005797DB = {
						CreatedOnToolsVersion = 14.0.1;
					};
					1EE1934E29AEE450005797DB = {
						CreatedOnToolsVersion = 14.0.1;
						TestTargetID = 1EE1933E29AEE44C005797DB;
					};
					1EE1935829AEE450005797DB = {
						CreatedOnToolsVersion = 14.0.1;
						TestTargetID = 1EE1933E29AEE44C005797DB;
					};
				};
			};
			buildConfigurationList = 1EE1933A29AEE44C005797DB /* Build configuration list for PBXProject "Practice Puzzle" */;
			compatibilityVersion = "Xcode 14.0";
			developmentRegion = en;
			hasScannedForEncodings = 0;
			knownRegions = (
				en,
				Base,
			);
			mainGroup = 1EE1933629AEE44C005797DB;
			productRefGroup = 1EE1934029AEE44C005797DB /* Products */;
			projectDirPath = "";
			projectRoot = "";
			targets = (
				1EE1933E29AEE44C005797DB /* Practice Puzzle */,
				1EE1934E29AEE450005797DB /* Practice PuzzleTests */,
				1EE1935829AEE450005797DB /* Practice PuzzleUITests */,
			);
		};
/* End PBXProject section */

/* Begin PBXResourcesBuildPhase section */
		1EE1933D29AEE44C005797DB /* Resources */ = {
			isa = PBXResourcesBuildPhase;
			buildActionMask = 2147483647;
			files = (
				1EE1934A29AEE44F005797DB /* Preview Assets.xcassets in Resources */,
				1EE1934729AEE44F005797DB /* Assets.xcassets in Resources */,
			);
			runOnlyForDeploymentPostprocessing = 0;
		};
		1EE1934D29AEE450005797DB /* Resources */ = {
			isa = PBXResourcesBuildPhase;
			buildActionMask = 2147483647;
			files = (
			);
			runOnlyForDeploymentPostprocessing = 0;
		};
		1EE1935729AEE450005797DB /* Resources */ = {
			isa = PBXResourcesBuildPhase;
			buildActionMask = 2147483647;
			files = (
			);
			runOnlyForDeploymentPostprocessing = 0;
		};
/* End PBXResourcesBuildPhase section */

/* Begin PBXSourcesBuildPhase section */
		1EE1933B29AEE44C005797DB /* Sources */ = {
			isa = PBXSourcesBuildPhase;
			buildActionMask = 2147483647;
			files = (
				1EE1936D29AEE840005797DB /* Picture.swift in Sources */,
				1EE1934529AEE44C005797DB /* ContentView.swift in Sources */,
				1EE1934329AEE44C005797DB /* Practice_PuzzleApp.swift in Sources */,
			);
			runOnlyForDeploymentPostprocessing = 0;
		};
		1EE1934B29AEE450005797DB /* Sources */ = {
			isa = PBXSourcesBuildPhase;
			buildActionMask = 2147483647;
			files = (
				1EE1935429AEE450005797DB /* Practice_PuzzleTests.swift in Sources */,
			);
			runOnlyForDeploymentPostprocessing = 0;
		};
		1EE1935529AEE450005797DB /* Sources */ = {
			isa = PBXSourcesBuildPhase;
			buildActionMask = 2147483647;
			files = (
				1EE1935E29AEE450005797DB /* Practice_PuzzleUITests.swift in Sources */,
				1EE1936029AEE450005797DB /* Practice_PuzzleUITestsLaunchTests.swift in Sources */,
			);
			runOnlyForDeploymentPostprocessing = 0;
		};
/* End PBXSourcesBuildPhase section */

/* Begin PBXTargetDependency section */
		1EE1935129AEE450005797DB /* PBXTargetDependency */ = {
			isa = PBXTargetDependency;
			target = 1EE1933E29AEE44C005797DB /* Practice Puzzle */;
			targetProxy = 1EE1935029AEE450005797DB /* PBXContainerItemProxy */;
		};
		1EE1935B29AEE450005797DB /* PBXTargetDependency */ = {
			isa = PBXTargetDependency;
			target = 1EE1933E29AEE44C005797DB /* Practice Puzzle */;
			targetProxy = 1EE1935A29AEE450005797DB /* PBXContainerItemProxy */;
		};
/* End PBXTargetDependency section */

/* Begin XCBuildConfiguration section */
		1EE1936129AEE450005797DB /* Debug */ = {
			isa = XCBuildConfiguration;
			buildSettings = {
				ALWAYS_SEARCH_USER_PATHS = NO;
				CLANG_ANALYZER_NONNULL = YES;
				CLANG_ANALYZER_NUMBER_OBJECT_CONVERSION = YES_AGGRESSIVE;
				CLANG_CXX_LANGUAGE_STANDARD = "gnu++20";
				CLANG_ENABLE_MODULES = YES;
				CLANG_ENABLE_OBJC_ARC = YES;
				CLANG_ENABLE_OBJC_WEAK = YES;
				CLANG_WARN_BLOCK_CAPTURE_AUTORELEASING = YES;
				CLANG_WARN_BOOL_CONVERSION = YES;
				CLANG_WARN_COMMA = YES;
				CLANG_WARN_CONSTANT_CONVERSION = YES;
				CLANG_WARN_DEPRECATED_OBJC_IMPLEMENTATIONS = YES;
				CLANG_WARN_DIRECT_OBJC_ISA_USAGE = YES_ERROR;
				CLANG_WARN_DOCUMENTATION_COMMENTS = YES;
				CLANG_WARN_EMPTY_BODY = YES;
				CLANG_WARN_ENUM_CONVERSION = YES;
				CLANG_WARN_INFINITE_RECURSION = YES;
				CLANG_WARN_INT_CONVERSION = YES;
				CLANG_WARN_NON_LITERAL_NULL_CONVERSION = YES;
				CLANG_WARN_OBJC_IMPLICIT_RETAIN_SELF = YES;
				CLANG_WARN_OBJC_LITERAL_CONVERSION = YES;
				CLANG_WARN_OBJC_ROOT_CLASS = YES_ERROR;
				CLANG_WARN_QUOTED_INCLUDE_IN_FRAMEWORK_HEADER = YES;
				CLANG_WARN_RANGE_LOOP_ANALYSIS = YES;
				CLANG_WARN_STRICT_PROTOTYPES = YES;
				CLANG_WARN_SUSPICIOUS_MOVE = YES;
				CLANG_WARN_UNGUARDED_AVAILABILITY = YES_AGGRESSIVE;
				CLANG_WARN_UNREACHABLE_CODE = YES;
				CLANG_WARN__DUPLICATE_METHOD_MATCH = YES;
				COPY_PHASE_STRIP = NO;
				DEBUG_INFORMATION_FORMAT = dwarf;
				ENABLE_STRICT_OBJC_MSGSEND = YES;
				ENABLE_TESTABILITY = YES;
				GCC_C_LANGUAGE_STANDARD = gnu11;
				GCC_DYNAMIC_NO_PIC = NO;
				GCC_NO_COMMON_BLOCKS = YES;
				GCC_OPTIMIZATION_LEVEL = 0;
				GCC_PREPROCESSOR_DEFINITIONS = (
					"DEBUG=1",
					"$(inherited)",
				);
				GCC_WARN_64_TO_32_BIT_CONVERSION = YES;
				GCC_WARN_ABOUT_RETURN_TYPE = YES_ERROR;
				GCC_WARN_UNDECLARED_SELECTOR = YES;
				GCC_WARN_UNINITIALIZED_AUTOS = YES_AGGRESSIVE;
				GCC_WARN_UNUSED_FUNCTION = YES;
				GCC_WARN_UNUSED_VARIABLE = YES;
				IPHONEOS_DEPLOYMENT_TARGET = 16.0;
				MTL_ENABLE_DEBUG_INFO = INCLUDE_SOURCE;
				MTL_FAST_MATH = YES;
				ONLY_ACTIVE_ARCH = YES;
				SDKROOT = iphoneos;
				SWIFT_ACTIVE_COMPILATION_CONDITIONS = DEBUG;
				SWIFT_OPTIMIZATION_LEVEL = "-Onone";
			};
			name = Debug;
		};
		1EE1936229AEE450005797DB /* Release */ = {
			isa = XCBuildConfiguration;
			buildSettings = {
				ALWAYS_SEARCH_USER_PATHS = NO;
				CLANG_ANALYZER_NONNULL = YES;
				CLANG_ANALYZER_NUMBER_OBJECT_CONVERSION = YES_AGGRESSIVE;
				CLANG_CXX_LANGUAGE_STANDARD = "gnu++20";
				CLANG_ENABLE_MODULES = YES;
				CLANG_ENABLE_OBJC_ARC = YES;
				CLANG_ENABLE_OBJC_WEAK = YES;
				CLANG_WARN_BLOCK_CAPTURE_AUTORELEASING = YES;
				CLANG_WARN_BOOL_CONVERSION = YES;
				CLANG_WARN_COMMA = YES;
				CLANG_WARN_CONSTANT_CONVERSION = YES;
				CLANG_WARN_DEPRECATED_OBJC_IMPLEMENTATIONS = YES;
				CLANG_WARN_DIRECT_OBJC_ISA_USAGE = YES_ERROR;
				CLANG_WARN_DOCUMENTATION_COMMENTS = YES;
				CLANG_WARN_EMPTY_BODY = YES;
				CLANG_WARN_ENUM_CONVERSION = YES;
				CLANG_WARN_INFINITE_RECURSION = YES;
				CLANG_WARN_INT_CONVERSION = YES;
				CLANG_WARN_NON_LITERAL_NULL_CONVERSION = YES;
				CLANG_WARN_OBJC_IMPLICIT_RETAIN_SELF = YES;
				CLANG_WARN_OBJC_LITERAL_CONVERSION = YES;
				CLANG_WARN_OBJC_ROOT_CLASS = YES_ERROR;
				CLANG_WARN_QUOTED_INCLUDE_IN_FRAMEWORK_HEADER = YES;
				CLANG_WARN_RANGE_LOOP_ANALYSIS = YES;
				CLANG_WARN_STRICT_PROTOTYPES = YES;
				CLANG_WARN_SUSPICIOUS_MOVE = YES;
				CLANG_WARN_UNGUARDED_AVAILABILITY = YES_AGGRESSIVE;
				CLANG_WARN_UNREACHABLE_CODE = YES;
				CLANG_WARN__DUPLICATE_METHOD_MATCH = YES;
				COPY_PHASE_STRIP = NO;
				DEBUG_INFORMATION_FORMAT = "dwarf-with-dsym";
				ENABLE_NS_ASSERTIONS = NO;
				ENABLE_STRICT_OBJC_MSGSEND = YES;
				GCC_C_LANGUAGE_STANDARD = gnu11;
				GCC_NO_COMMON_BLOCKS = YES;
				GCC_WARN_64_TO_32_BIT_CONVERSION = YES;
				GCC_WARN_ABOUT_RETURN_TYPE = YES_ERROR;
				GCC_WARN_UNDECLARED_SELECTOR = YES;
				GCC_WARN_UNINITIALIZED_AUTOS = YES_AGGRESSIVE;
				GCC_WARN_UNUSED_FUNCTION = YES;
				GCC_WARN_UNUSED_VARIABLE = YES;
				IPHONEOS_DEPLOYMENT_TARGET = 16.0;
				MTL_ENABLE_DEBUG_INFO = NO;
				MTL_FAST_MATH = YES;
				SDKROOT = iphoneos;
				SWIFT_COMPILATION_MODE = wholemodule;
				SWIFT_OPTIMIZATION_LEVEL = "-O";
				VALIDATE_PRODUCT = YES;
			};
			name = Release;
		};
		1EE1936429AEE450005797DB /* Debug */ = {
			isa = XCBuildConfiguration;
			buildSettings = {
				ASSETCATALOG_COMPILER_APPICON_NAME = AppIcon;
				ASSETCATALOG_COMPILER_GLOBAL_ACCENT_COLOR_NAME = AccentColor;
				CODE_SIGN_STYLE = Automatic;
				CURRENT_PROJECT_VERSION = 1;
				DEVELOPMENT_ASSET_PATHS = "\"Practice Puzzle/Preview Content\"";
				ENABLE_PREVIEWS = YES;
				GENERATE_INFOPLIST_FILE = YES;
				INFOPLIST_KEY_UIApplicationSceneManifest_Generation = YES;
				INFOPLIST_KEY_UIApplicationSupportsIndirectInputEvents = YES;
				INFOPLIST_KEY_UILaunchScreen_Generation = YES;
				INFOPLIST_KEY_UISupportedInterfaceOrientations_iPad = "UIInterfaceOrientationPortrait UIInterfaceOrientationPortraitUpsideDown UIInterfaceOrientationLandscapeLeft UIInterfaceOrientationLandscapeRight";
				INFOPLIST_KEY_UISupportedInterfaceOrientations_iPhone = "UIInterfaceOrientationPortrait UIInterfaceOrientationLandscapeLeft UIInterfaceOrientationLandscapeRight";
				LD_RUNPATH_SEARCH_PATHS = (
					"$(inherited)",
					"@executable_path/Frameworks",
				);
				MARKETING_VERSION = 1.0;
				PRODUCT_BUNDLE_IDENTIFIER = "XRDS.Practice-Puzzle";
				PRODUCT_NAME = "$(TARGET_NAME)";
				SWIFT_EMIT_LOC_STRINGS = YES;
				SWIFT_VERSION = 5.0;
				TARGETED_DEVICE_FAMILY = "1,2";
			};
			name = Debug;
		};
		1EE1936529AEE450005797DB /* Release */ = {
			isa = XCBuildConfiguration;
			buildSettings = {
				ASSETCATALOG_COMPILER_APPICON_NAME = AppIcon;
				ASSETCATALOG_COMPILER_GLOBAL_ACCENT_COLOR_NAME = AccentColor;
				CODE_SIGN_STYLE = Automatic;
				CURRENT_PROJECT_VERSION = 1;
				DEVELOPMENT_ASSET_PATHS = "\"Practice Puzzle/Preview Content\"";
				ENABLE_PREVIEWS = YES;
				GENERATE_INFOPLIST_FILE = YES;
				INFOPLIST_KEY_UIApplicationSceneManifest_Generation = YES;
				INFOPLIST_KEY_UIApplicationSupportsIndirectInputEvents = YES;
				INFOPLIST_KEY_UILaunchScreen_Generation = YES;
				INFOPLIST_KEY_UISupportedInterfaceOrientations_iPad = "UIInterfaceOrientationPortrait UIInterfaceOrientationPortraitUpsideDown UIInterfaceOrientationLandscapeLeft UIInterfaceOrientationLandscapeRight";
				INFOPLIST_KEY_UISupportedInterfaceOrientations_iPhone = "UIInterfaceOrientationPortrait UIInterfaceOrientationLandscapeLeft UIInterfaceOrientationLandscapeRight";
				LD_RUNPATH_SEARCH_PATHS = (
					"$(inherited)",
					"@executable_path/Frameworks",
				);
				MARKETING_VERSION = 1.0;
				PRODUCT_BUNDLE_IDENTIFIER = "XRDS.Practice-Puzzle";
				PRODUCT_NAME = "$(TARGET_NAME)";
				SWIFT_EMIT_LOC_STRINGS = YES;
				SWIFT_VERSION = 5.0;
				TARGETED_DEVICE_FAMILY = "1,2";
			};
			name = Release;
		};
		1EE1936729AEE450005797DB /* Debug */ = {
			isa = XCBuildConfiguration;
			buildSettings = {
				ALWAYS_EMBED_SWIFT_STANDARD_LIBRARIES = YES;
				BUNDLE_LOADER = "$(TEST_HOST)";
				CODE_SIGN_STYLE = Automatic;
				CURRENT_PROJECT_VERSION = 1;
				GENERATE_INFOPLIST_FILE = YES;
				IPHONEOS_DEPLOYMENT_TARGET = 16.0;
				MARKETING_VERSION = 1.0;
				PRODUCT_BUNDLE_IDENTIFIER = "XRDS.Practice-PuzzleTests";
				PRODUCT_NAME = "$(TARGET_NAME)";
				SWIFT_EMIT_LOC_STRINGS = NO;
				SWIFT_VERSION = 5.0;
				TARGETED_DEVICE_FAMILY = "1,2";
				TEST_HOST = "$(BUILT_PRODUCTS_DIR)/Practice Puzzle.app/$(BUNDLE_EXECUTABLE_FOLDER_PATH)/Practice Puzzle";
			};
			name = Debug;
		};
		1EE1936829AEE450005797DB /* Release */ = {
			isa = XCBuildConfiguration;
			buildSettings = {
				ALWAYS_EMBED_SWIFT_STANDARD_LIBRARIES = YES;
				BUNDLE_LOADER = "$(TEST_HOST)";
				CODE_SIGN_STYLE = Automatic;
				CURRENT_PROJECT_VERSION = 1;
				GENERATE_INFOPLIST_FILE = YES;
				IPHONEOS_DEPLOYMENT_TARGET = 16.0;
				MARKETING_VERSION = 1.0;
				PRODUCT_BUNDLE_IDENTIFIER = "XRDS.Practice-PuzzleTests";
				PRODUCT_NAME = "$(TARGET_NAME)";
				SWIFT_EMIT_LOC_STRINGS = NO;
				SWIFT_VERSION = 5.0;
				TARGETED_DEVICE_FAMILY = "1,2";
				TEST_HOST = "$(BUILT_PRODUCTS_DIR)/Practice Puzzle.app/$(BUNDLE_EXECUTABLE_FOLDER_PATH)/Practice Puzzle";
			};
			name = Release;
		};
		1EE1936A29AEE450005797DB /* Debug */ = {
			isa = XCBuildConfiguration;
			buildSettings = {
				ALWAYS_EMBED_SWIFT_STANDARD_LIBRARIES = YES;
				CODE_SIGN_STYLE = Automatic;
				CURRENT_PROJECT_VERSION = 1;
				GENERATE_INFOPLIST_FILE = YES;
				MARKETING_VERSION = 1.0;
				PRODUCT_BUNDLE_IDENTIFIER = "XRDS.Practice-PuzzleUITests";
				PRODUCT_NAME = "$(TARGET_NAME)";
				SWIFT_EMIT_LOC_STRINGS = NO;
				SWIFT_VERSION = 5.0;
				TARGETED_DEVICE_FAMILY = "1,2";
				TEST_TARGET_NAME = "Practice Puzzle";
			};
			name = Debug;
		};
		1EE1936B29AEE450005797DB /* Release */ = {
			isa = XCBuildConfiguration;
			buildSettings = {
				ALWAYS_EMBED_SWIFT_STANDARD_LIBRARIES = YES;
				CODE_SIGN_STYLE = Automatic;
				CURRENT_PROJECT_VERSION = 1;
				GENERATE_INFOPLIST_FILE = YES;
				MARKETING_VERSION = 1.0;
				PRODUCT_BUNDLE_IDENTIFIER = "XRDS.Practice-PuzzleUITests";
				PRODUCT_NAME = "$(TARGET_NAME)";
				SWIFT_EMIT_LOC_STRINGS = NO;
				SWIFT_VERSION = 5.0;
				TARGETED_DEVICE_FAMILY = "1,2";
				TEST_TARGET_NAME = "Practice Puzzle";
			};
			name = Release;
		};
/* End XCBuildConfiguration section */

/* Begin XCConfigurationList section */
		1EE1933A29AEE44C005797DB /* Build configuration list for PBXProject "Practice Puzzle" */ = {
			isa = XCConfigurationList;
			buildConfigurations = (
				1EE1936129AEE450005797DB /* Debug */,
				1EE1936229AEE450005797DB /* Release */,
			);
			defaultConfigurationIsVisible = 0;
			defaultConfigurationName = Release;
		};
		1EE1936329AEE450005797DB /* Build configuration list for PBXNativeTarget "Practice Puzzle" */ = {
			isa = XCConfigurationList;
			buildConfigurations = (
				1EE1936429AEE450005797DB /* Debug */,
				1EE1936529AEE450005797DB /* Release */,
			);
			defaultConfigurationIsVisible = 0;
			defaultConfigurationName = Release;
		};
		1EE1936629AEE450005797DB /* Build configuration list for PBXNativeTarget "Practice PuzzleTests" */ = {
			isa = XCConfigurationList;
			buildConfigurations = (
				1EE1936729AEE450005797DB /* Debug */,
				1EE1936829AEE450005797DB /* Release */,
			);
			defaultConfigurationIsVisible = 0;
			defaultConfigurationName = Release;
		};
		1EE1936929AEE450005797DB /* Build configuration list for PBXNativeTarget "Practice PuzzleUITests" */ = {
			isa = XCConfigurationList;
			buildConfigurations = (
				1EE1936A29AEE450005797DB /* Debug */,
				1EE1936B29AEE450005797DB /* Release */,
			);
			defaultConfigurationIsVisible = 0;
			defaultConfigurationName = Release;
		};
/* End XCConfigurationList section */
	};
	rootObject = 1EE1933729AEE44C005797DB /* Project object */;
}
